
Microsoft Visual Studio Solution File, Format Version 12.00
# Visual Studio Version 16
VisualStudioVersion = 16.0.30907.101
MinimumVisualStudioVersion = 10.0.40219.1
Project("{FAE04EC0-301F-11D3-BF4B-00C04F79EFBC}") = "StudentService", "StudentService.csproj", "{36A9EA06-B8CC-4CEE-9FB2-F7EEADD15EF4}"
EndProject
Global
	GlobalSection(SolutionConfigurationPlatforms) = preSolution
		Debug|Any CPU = Debug|Any CPU
		Release|Any CPU = Release|Any CPU
	EndGlobalSection
	GlobalSection(ProjectConfigurationPlatforms) = postSolution
		{36A9EA06-B8CC-4CEE-9FB2-F7EEADD15EF4}.Debug|Any CPU.ActiveCfg = Debug|Any CPU
		{36A9EA06-B8CC-4CEE-9FB2-F7EEADD15EF4}.Debug|Any CPU.Build.0 = Debug|Any CPU
		{36A9EA06-B8CC-4CEE-9FB2-F7EEADD15EF4}.Release|Any CPU.ActiveCfg = Release|Any CPU
		{36A9EA06-B8CC-4CEE-9FB2-F7EEADD15EF4}.Release|Any CPU.Build.0 = Release|Any CPU
	EndGlobalSection
	GlobalSection(SolutionProperties) = preSolution
		HideSolutionNode = FALSE
	EndGlobalSection
	GlobalSection(ExtensibilityGlobals) = postSolution
		SolutionGuid = {64066FF9-E467-4650-8F8B-26BC7BC6A884}
	EndGlobalSection
EndGlobal
