
Microsoft Visual Studio Solution File, Format Version 12.00
# Visual Studio Version 16
VisualStudioVersion = 16.0.30907.101
MinimumVisualStudioVersion = 10.0.40219.1
Project("{FAE04EC0-301F-11D3-BF4B-00C04F79EFBC}") = "truYumWebApi", "truYumWebApi.csproj", "{673B8F95-12A1-41FF-BD9D-1CFACA74FF3D}"
EndProject
Global
	GlobalSection(SolutionConfigurationPlatforms) = preSolution
		Debug|Any CPU = Debug|Any CPU
		Release|Any CPU = Release|Any CPU
	EndGlobalSection
	GlobalSection(ProjectConfigurationPlatforms) = postSolution
		{673B8F95-12A1-41FF-BD9D-1CFACA74FF3D}.Debug|Any CPU.ActiveCfg = Debug|Any CPU
		{673B8F95-12A1-41FF-BD9D-1CFACA74FF3D}.Debug|Any CPU.Build.0 = Debug|Any CPU
		{673B8F95-12A1-41FF-BD9D-1CFACA74FF3D}.Release|Any CPU.ActiveCfg = Release|Any CPU
		{673B8F95-12A1-41FF-BD9D-1CFACA74FF3D}.Release|Any CPU.Build.0 = Release|Any CPU
	EndGlobalSection
	GlobalSection(SolutionProperties) = preSolution
		HideSolutionNode = FALSE
	EndGlobalSection
	GlobalSection(ExtensibilityGlobals) = postSolution
		SolutionGuid = {FE8A4246-AE52-4234-B236-C028A32E36A8}
	EndGlobalSection
EndGlobal
